
Microsoft Visual Studio Solution File, Format Version 11.00
# Visual Studio 2010
Project("{FAE04EC0-301F-11D3-BF4B-00C04F79EFBC}") = "Rent_HouseWeb", "Rent_HouseWeb\Rent_HouseWeb.csproj", "{163FEFC3-FE66-4668-891A-4EA1AF3052CC}"
EndProject
Global
	GlobalSection(SolutionConfigurationPlatforms) = preSolution
		Debug|Any CPU = Debug|Any CPU
		Release|Any CPU = Release|Any CPU
	EndGlobalSection
	GlobalSection(ProjectConfigurationPlatforms) = postSolution
		{163FEFC3-FE66-4668-891A-4EA1AF3052CC}.Debug|Any CPU.ActiveCfg = Debug|Any CPU
		{163FEFC3-FE66-4668-891A-4EA1AF3052CC}.Debug|Any CPU.Build.0 = Debug|Any CPU
		{163FEFC3-FE66-4668-891A-4EA1AF3052CC}.Release|Any CPU.ActiveCfg = Release|Any CPU
		{163FEFC3-FE66-4668-891A-4EA1AF3052CC}.Release|Any CPU.Build.0 = Release|Any CPU
	EndGlobalSection
	GlobalSection(SolutionProperties) = preSolution
		HideSolutionNode = FALSE
	EndGlobalSection
EndGlobal
